{
    "_readme": [
        "This file locks the dependencies of your project to a known state",
        "Read more about it at https://getcomposer.org/doc/01-basic-usage.md#composer-lock-the-lock-file",
        "This file is @generated automatically"
    ],
    "content-hash": "808e31ea5f2b932c8ea89c609e57f8dd",
    "packages": [
        {
            "name": "linpax/microphp-base",
            "version": "dev-master",
            "source": {
                "type": "git",
                "url": "https://github.com/linpax/microphp-base.git",
                "reference": "f87e2bcddfce87a4b8fa8190d5c616a16526a19e"
            },
            "dist": {
                "type": "zip",
                "url": "https://api.github.com/repos/linpax/microphp-base/zipball/f87e2bcddfce87a4b8fa8190d5c616a16526a19e",
                "reference": "f87e2bcddfce87a4b8fa8190d5c616a16526a19e",
                "shasum": ""
            },
            "type": "library",
            "autoload": {
                "psr-4": {
                    "Micro\\Base\\": "src/"
                }
            },
            "notification-url": "https://packagist.org/downloads/",
            "license": [
                "MIT"
            ],
            "authors": [
                {
                    "name": "Oleg Lunegov",
                    "email": "testuser@mail.linpax.org"
                }
            ],
            "description": "MicroPHP base",
            "time": "2017-07-20 14:07:19"
        }
    ],
    "packages-dev": [],
    "aliases": [],
    "minimum-stability": "dev",
    "stability-flags": {
        "linpax/microphp-base": 20
    },
    "prefer-stable": false,
    "prefer-lowest": false,
    "platform": [],
    "platform-dev": []
}
